
Microsoft Visual Studio Solution File, Format Version 11.00
# Visual C# Express 2010
Project("{FAE04EC0-301F-11D3-BF4B-00C04F79EFBC}") = "Paint (Asgn8)", "Paint (Asgn8)\Paint (Asgn8).csproj", "{52AE9013-52AF-4A1C-882C-591A78AD0122}"
EndProject
Global
	GlobalSection(SolutionConfigurationPlatforms) = preSolution
		Debug|x86 = Debug|x86
		Release|x86 = Release|x86
	EndGlobalSection
	GlobalSection(ProjectConfigurationPlatforms) = postSolution
		{52AE9013-52AF-4A1C-882C-591A78AD0122}.Debug|x86.ActiveCfg = Debug|x86
		{52AE9013-52AF-4A1C-882C-591A78AD0122}.Debug|x86.Build.0 = Debug|x86
		{52AE9013-52AF-4A1C-882C-591A78AD0122}.Release|x86.ActiveCfg = Release|x86
		{52AE9013-52AF-4A1C-882C-591A78AD0122}.Release|x86.Build.0 = Release|x86
	EndGlobalSection
	GlobalSection(SolutionProperties) = preSolution
		HideSolutionNode = FALSE
	EndGlobalSection
EndGlobal
